{
  "nodes": {
    "adwaita-for-steam": {
      "flake": false,
      "locked": {
        "lastModified": 1677960399,
        "narHash": "sha256-t7ipAyiLe1WVMxB/FC1xF369rQ8WFNEQybPkOkSgx9o=",
        "owner": "tkashkin",
        "repo": "Adwaita-for-Steam",
        "rev": "807aa2e6ebcaab3025ca9d223c017bcb6647d345",
        "type": "github"
      },
      "original": {
        "owner": "tkashkin",
        "repo": "Adwaita-for-Steam",
        "type": "github"
      }
    },
    "devshell": {
      "inputs": {
        "flake-utils": "flake-utils",
        "nixpkgs": "nixpkgs"
      },
      "locked": {
        "lastModified": 1678957337,
        "narHash": "sha256-Gw4nVbuKRdTwPngeOZQOzH/IFowmz4LryMPDiJN/ah4=",
        "owner": "numtide",
        "repo": "devshell",
        "rev": "3e0e60ab37cd0bf7ab59888f5c32499d851edb47",
        "type": "github"
      },
      "original": {
        "owner": "numtide",
        "repo": "devshell",
        "type": "github"
      }
    },
    "emacs-overlay": {
      "inputs": {
        "flake-utils": "flake-utils_2",
        "nixpkgs": "nixpkgs_2"
      },
      "locked": {
        "lastModified": 1679076759,
        "narHash": "sha256-5mGt2FbjXbQifqCswJxwkaOow+ILko3T+FdX0KzBBSA=",
        "owner": "nix-community",
        "repo": "emacs-overlay",
        "rev": "d5a167be832a1d6b4d3a50f782b4fe3f8c0a8d30",
        "type": "github"
      },
      "original": {
        "owner": "nix-community",
        "repo": "emacs-overlay",
        "type": "github"
      }
    },
    "firefox-gnome-theme": {
      "flake": false,
      "locked": {
        "lastModified": 1678072416,
        "narHash": "sha256-rIECHPVQ7amcUtUrVmieCyfCxWhHQMMt6J4fjVz8BjY=",
        "owner": "rafaelmardojai",
        "repo": "firefox-gnome-theme",
        "rev": "18a4d21238be0adb941ad94d6ae6df5f16bfc5ca",
        "type": "github"
      },
      "original": {
        "owner": "rafaelmardojai",
        "repo": "firefox-gnome-theme",
        "type": "github"
      }
    },
    "flake-utils": {
      "locked": {
        "lastModified": 1642700792,
        "narHash": "sha256-XqHrk7hFb+zBvRg6Ghl+AZDq03ov6OshJLiSWOoX5es=",
        "owner": "numtide",
        "repo": "flake-utils",
        "rev": "846b2ae0fc4cc943637d3d1def4454213e203cba",
        "type": "github"
      },
      "original": {
        "owner": "numtide",
        "repo": "flake-utils",
        "type": "github"
      }
    },
    "flake-utils_2": {
      "locked": {
        "lastModified": 1667395993,
        "narHash": "sha256-nuEHfE/LcWyuSWnS8t12N1wc105Qtau+/OdUAjtQ0rA=",
        "owner": "numtide",
        "repo": "flake-utils",
        "rev": "5aed5285a952e0b949eb3ba02c12fa4fcfef535f",
        "type": "github"
      },
      "original": {
        "owner": "numtide",
        "repo": "flake-utils",
        "type": "github"
      }
    },
    "hardware": {
      "locked": {
        "lastModified": 1679075297,
        "narHash": "sha256-8TwS7NPQWW9iPejBwWzmjLnK8bQhdOMPpsj3KPAL6x8=",
        "owner": "nixos",
        "repo": "nixos-hardware",
        "rev": "994584bb26ffa1deeaf56099601ef4bcc487273e",
        "type": "github"
      },
      "original": {
        "owner": "nixos",
        "repo": "nixos-hardware",
        "type": "github"
      }
    },
    "home-manager": {
      "inputs": {
        "nixpkgs": [
          "nixpkgs"
        ],
        "utils": "utils"
      },
      "locked": {
        "lastModified": 1679067095,
        "narHash": "sha256-G2dJQURL/CCi+8RP6jNJG8VqgtzEMCA+6mNodd3VR6E=",
        "owner": "nix-community",
        "repo": "home-manager",
        "rev": "3239e0b40f242f47bf6c0c37b2fd35ab3e76e370",
        "type": "github"
      },
      "original": {
        "owner": "nix-community",
        "repo": "home-manager",
        "type": "github"
      }
    },
    "musnix": {
      "inputs": {
        "nixpkgs": "nixpkgs_3"
      },
      "locked": {
        "lastModified": 1678287470,
        "narHash": "sha256-+1Wy337pgUFbvthifzo16ygRaMI7OU6nP4fiKVflbKA=",
        "owner": "musnix",
        "repo": "musnix",
        "rev": "0bac3f9b14ac767d81c8b19134fb23e3959b8cef",
        "type": "github"
      },
      "original": {
        "owner": "musnix",
        "repo": "musnix",
        "type": "github"
      }
    },
    "nixos-conf-editor": {
      "inputs": {
        "nixpkgs": "nixpkgs_4",
        "utils": "utils_2"
      },
      "locked": {
        "lastModified": 1678759636,
        "narHash": "sha256-O9CZ7Nk1K5caVVFszDdLC7d1oSTZq8Q+gU5+vX5uQcU=",
        "owner": "vlinkz",
        "repo": "nixos-conf-editor",
        "rev": "d0507cfbf24bbd6c6a2961c6db67ac4c2ebbdf50",
        "type": "github"
      },
      "original": {
        "owner": "vlinkz",
        "repo": "nixos-conf-editor",
        "type": "github"
      }
    },
    "nixpkgs": {
      "locked": {
        "lastModified": 1677383253,
        "narHash": "sha256-UfpzWfSxkfXHnb4boXZNaKsAcUrZT9Hw+tao1oZxd08=",
        "owner": "NixOS",
        "repo": "nixpkgs",
        "rev": "9952d6bc395f5841262b006fbace8dd7e143b634",
        "type": "github"
      },
      "original": {
        "owner": "NixOS",
        "ref": "nixpkgs-unstable",
        "repo": "nixpkgs",
        "type": "github"
      }
    },
    "nixpkgs_2": {
      "locked": {
        "lastModified": 1673540789,
        "narHash": "sha256-xqnxBOK3qctIeUVxecydrEDbEXjsvHCPGPbvsl63M/U=",
        "owner": "NixOS",
        "repo": "nixpkgs",
        "rev": "0f213d0fee84280d8c3a97f7469b988d6fe5fcdf",
        "type": "github"
      },
      "original": {
        "owner": "NixOS",
        "ref": "nixos-unstable",
        "repo": "nixpkgs",
        "type": "github"
      }
    },
    "nixpkgs_3": {
      "locked": {
        "lastModified": 1677407201,
        "narHash": "sha256-3blwdI9o1BAprkvlByHvtEm5HAIRn/XPjtcfiunpY7s=",
        "owner": "NixOS",
        "repo": "nixpkgs",
        "rev": "7f5639fa3b68054ca0b062866dc62b22c3f11505",
        "type": "github"
      },
      "original": {
        "owner": "NixOS",
        "ref": "nixos-unstable",
        "repo": "nixpkgs",
        "type": "github"
      }
    },
    "nixpkgs_4": {
      "locked": {
        "lastModified": 1673796341,
        "narHash": "sha256-1kZi9OkukpNmOaPY7S5/+SlCDOuYnP3HkXHvNDyLQcc=",
        "owner": "NixOS",
        "repo": "nixpkgs",
        "rev": "6dccdc458512abce8d19f74195bb20fdb067df50",
        "type": "github"
      },
      "original": {
        "owner": "NixOS",
        "ref": "nixos-unstable",
        "repo": "nixpkgs",
        "type": "github"
      }
    },
    "nixpkgs_5": {
      "locked": {
        "lastModified": 1678898370,
        "narHash": "sha256-xTICr1j+uat5hk9FyuPOFGxpWHdJRibwZC+ATi0RbtE=",
        "owner": "nixos",
        "repo": "nixpkgs",
        "rev": "ac718d02867a84b42522a0ece52d841188208f2c",
        "type": "github"
      },
      "original": {
        "owner": "nixos",
        "ref": "nixos-unstable",
        "repo": "nixpkgs",
        "type": "github"
      }
    },
    "nur": {
      "locked": {
        "lastModified": 1679074862,
        "narHash": "sha256-EQBoidJV1WXhdNoPZI+jwlArH/s8tyhR3higm042ABo=",
        "owner": "nix-community",
        "repo": "NUR",
        "rev": "731bf780bf68d86940c5e9bbd4af891f2bc0e773",
        "type": "github"
      },
      "original": {
        "owner": "nix-community",
        "repo": "NUR",
        "type": "github"
      }
    },
    "root": {
      "inputs": {
        "adwaita-for-steam": "adwaita-for-steam",
        "devshell": "devshell",
        "emacs-overlay": "emacs-overlay",
        "firefox-gnome-theme": "firefox-gnome-theme",
        "hardware": "hardware",
        "home-manager": "home-manager",
        "musnix": "musnix",
        "nixos-conf-editor": "nixos-conf-editor",
        "nixpkgs": "nixpkgs_5",
        "nur": "nur"
      }
    },
    "utils": {
      "locked": {
        "lastModified": 1676283394,
        "narHash": "sha256-XX2f9c3iySLCw54rJ/CZs+ZK6IQy7GXNY4nSOyu2QG4=",
        "owner": "numtide",
        "repo": "flake-utils",
        "rev": "3db36a8b464d0c4532ba1c7dda728f4576d6d073",
        "type": "github"
      },
      "original": {
        "owner": "numtide",
        "repo": "flake-utils",
        "type": "github"
      }
    },
    "utils_2": {
      "locked": {
        "lastModified": 1667395993,
        "narHash": "sha256-nuEHfE/LcWyuSWnS8t12N1wc105Qtau+/OdUAjtQ0rA=",
        "owner": "numtide",
        "repo": "flake-utils",
        "rev": "5aed5285a952e0b949eb3ba02c12fa4fcfef535f",
        "type": "github"
      },
      "original": {
        "owner": "numtide",
        "repo": "flake-utils",
        "type": "github"
      }
    }
  },
  "root": "root",
  "version": 7
}
