{
  "nodes": {
    "adwaita-for-steam": {
      "flake": false,
      "locked": {
        "lastModified": 1664873656,
        "narHash": "sha256-PQ3SuCF0xFZVWk0uHs9EQ73QuUU3IIp2+VAcDXLtX1Y=",
        "owner": "tkashkin",
        "repo": "Adwaita-for-Steam",
        "rev": "75c2bf9419a8b3ee03cdb8d1303e3b9f51e27073",
        "type": "github"
      },
      "original": {
        "owner": "tkashkin",
        "repo": "Adwaita-for-Steam",
        "type": "github"
      }
    },
    "devshell": {
      "inputs": {
        "flake-utils": "flake-utils",
        "nixpkgs": "nixpkgs"
      },
      "locked": {
        "lastModified": 1663445644,
        "narHash": "sha256-+xVlcK60x7VY1vRJbNUEAHi17ZuoQxAIH4S4iUFUGBA=",
        "owner": "numtide",
        "repo": "devshell",
        "rev": "e3dc3e21594fe07bdb24bdf1c8657acaa4cb8f66",
        "type": "github"
      },
      "original": {
        "owner": "numtide",
        "repo": "devshell",
        "type": "github"
      }
    },
    "emacs-overlay": {
      "inputs": {
        "flake-utils": "flake-utils_2",
        "nixpkgs": "nixpkgs_2"
      },
      "locked": {
        "lastModified": 1664884292,
        "narHash": "sha256-bOMphgtwxL4pNFov96e9ooaX/Dz5+zr2IZB7NXb8ZO4=",
        "owner": "nix-community",
        "repo": "emacs-overlay",
        "rev": "078ea145c926a5a12269a8cba43282802e3dd1d0",
        "type": "github"
      },
      "original": {
        "owner": "nix-community",
        "repo": "emacs-overlay",
        "type": "github"
      }
    },
    "firefox-gnome-theme": {
      "flake": false,
      "locked": {
        "lastModified": 1664162583,
        "narHash": "sha256-U2uHwSdCXEmCUV+3W8jd1oijxl5Cw0VPltkRfFTsOEM=",
        "owner": "rafaelmardojai",
        "repo": "firefox-gnome-theme",
        "rev": "53e54cc12e54408b54d2562d903e3441ee0a4021",
        "type": "github"
      },
      "original": {
        "owner": "rafaelmardojai",
        "repo": "firefox-gnome-theme",
        "type": "github"
      }
    },
    "flake-utils": {
      "locked": {
        "lastModified": 1642700792,
        "narHash": "sha256-XqHrk7hFb+zBvRg6Ghl+AZDq03ov6OshJLiSWOoX5es=",
        "owner": "numtide",
        "repo": "flake-utils",
        "rev": "846b2ae0fc4cc943637d3d1def4454213e203cba",
        "type": "github"
      },
      "original": {
        "owner": "numtide",
        "repo": "flake-utils",
        "type": "github"
      }
    },
    "flake-utils_2": {
      "locked": {
        "lastModified": 1659877975,
        "narHash": "sha256-zllb8aq3YO3h8B/U0/J1WBgAL8EX5yWf5pMj3G0NAmc=",
        "owner": "numtide",
        "repo": "flake-utils",
        "rev": "c0e246b9b83f637f4681389ecabcb2681b4f3af0",
        "type": "github"
      },
      "original": {
        "owner": "numtide",
        "repo": "flake-utils",
        "type": "github"
      }
    },
    "hardware": {
      "locked": {
        "lastModified": 1664628729,
        "narHash": "sha256-A1J0ZPhBfZZiWI6ipjKJ8+RpMllzOMu/An/8Tk3t4oo=",
        "owner": "nixos",
        "repo": "nixos-hardware",
        "rev": "3024c67a2e9a35450558426c42e7419ab37efd95",
        "type": "github"
      },
      "original": {
        "owner": "nixos",
        "repo": "nixos-hardware",
        "type": "github"
      }
    },
    "home-manager": {
      "inputs": {
        "nixpkgs": [
          "nixpkgs"
        ],
        "utils": "utils"
      },
      "locked": {
        "lastModified": 1664783440,
        "narHash": "sha256-KlMwR7mUf5h8MPnzV7nGFUAt6ih/euW5xgvZ5x+hwvI=",
        "owner": "nix-community",
        "repo": "home-manager",
        "rev": "e4e639dd4dc3e431aa5b5f95325f9a66ac7e0dd9",
        "type": "github"
      },
      "original": {
        "owner": "nix-community",
        "repo": "home-manager",
        "type": "github"
      }
    },
    "musnix": {
      "inputs": {
        "nixpkgs": "nixpkgs_3"
      },
      "locked": {
        "lastModified": 1664705874,
        "narHash": "sha256-XP6NgAltjGYk9R9rmSyM0KapIa0R3togJPbZGbMbuZw=",
        "owner": "musnix",
        "repo": "musnix",
        "rev": "85d2886931663ab77e806013a84b443971e63b49",
        "type": "github"
      },
      "original": {
        "owner": "musnix",
        "repo": "musnix",
        "type": "github"
      }
    },
    "nixos-conf-editor": {
      "inputs": {
        "nixpkgs": "nixpkgs_4",
        "utils": "utils_2"
      },
      "locked": {
        "lastModified": 1664390881,
        "narHash": "sha256-xAW7qiS0zZpnzt3Ytdn36Zd2DeyDov3a+Y4QhZCPeHc=",
        "owner": "vlinkz",
        "repo": "nixos-conf-editor",
        "rev": "5dd9a65f04602575eeb01b2a49308d580d587dbd",
        "type": "github"
      },
      "original": {
        "owner": "vlinkz",
        "repo": "nixos-conf-editor",
        "type": "github"
      }
    },
    "nixpkgs": {
      "locked": {
        "lastModified": 1643381941,
        "narHash": "sha256-pHTwvnN4tTsEKkWlXQ8JMY423epos8wUOhthpwJjtpc=",
        "owner": "NixOS",
        "repo": "nixpkgs",
        "rev": "5efc8ca954272c4376ac929f4c5ffefcc20551d5",
        "type": "github"
      },
      "original": {
        "owner": "NixOS",
        "ref": "nixpkgs-unstable",
        "repo": "nixpkgs",
        "type": "github"
      }
    },
    "nixpkgs_2": {
      "locked": {
        "lastModified": 1663850217,
        "narHash": "sha256-tp9nXo1/IdN/xN9m06ryy0QUAEfoN6K56ObM/1QTAjc=",
        "path": "/nix/store/if56vv9237zafkzgzcdkqxf2lmp86myq-source",
        "rev": "ae1dc133ea5f1538d035af41e5ddbc2ebcb67b90",
        "type": "path"
      },
      "original": {
        "id": "nixpkgs",
        "type": "indirect"
      }
    },
    "nixpkgs_3": {
      "locked": {
        "lastModified": 1623743177,
        "narHash": "sha256-57OM8Ya/yGHAHBq/h0I8Ah/HJFmk0VNpEASYxr+BgK8=",
        "owner": "NixOS",
        "repo": "nixpkgs",
        "rev": "4b7c8d538e1aed2bc30b6e7eb1cbd96063ad4132",
        "type": "github"
      },
      "original": {
        "owner": "NixOS",
        "ref": "nixpkgs-unstable",
        "repo": "nixpkgs",
        "type": "github"
      }
    },
    "nixpkgs_4": {
      "locked": {
        "lastModified": 1664195620,
        "narHash": "sha256-/0V1a1gAR+QbiQe4aCxBoivhkxss0xyt2mBD6yDrgjw=",
        "owner": "NixOS",
        "repo": "nixpkgs",
        "rev": "62228ccc672ed000f35b1e5c82e4183e46767e52",
        "type": "github"
      },
      "original": {
        "owner": "NixOS",
        "ref": "nixos-unstable",
        "repo": "nixpkgs",
        "type": "github"
      }
    },
    "nixpkgs_5": {
      "locked": {
        "lastModified": 1664780719,
        "narHash": "sha256-Oxe6la5dSqRfJogjtY4sRzJjDDqvroJIVkcGEOT87MA=",
        "owner": "nixos",
        "repo": "nixpkgs",
        "rev": "fd54651f5ffb4a36e8463e0c327a78442b26cbe7",
        "type": "github"
      },
      "original": {
        "owner": "nixos",
        "ref": "nixos-unstable",
        "repo": "nixpkgs",
        "type": "github"
      }
    },
    "nur": {
      "locked": {
        "lastModified": 1664891261,
        "narHash": "sha256-pjOJJOBAiAS0MbTvx7Pt+mThj43UpryrdLPvoel2Q/Y=",
        "owner": "nix-community",
        "repo": "NUR",
        "rev": "11d984cc13c0bcf96ee56c35c86c234fdadc9b0b",
        "type": "github"
      },
      "original": {
        "owner": "nix-community",
        "repo": "NUR",
        "type": "github"
      }
    },
    "root": {
      "inputs": {
        "adwaita-for-steam": "adwaita-for-steam",
        "devshell": "devshell",
        "emacs-overlay": "emacs-overlay",
        "firefox-gnome-theme": "firefox-gnome-theme",
        "hardware": "hardware",
        "home-manager": "home-manager",
        "musnix": "musnix",
        "nixos-conf-editor": "nixos-conf-editor",
        "nixpkgs": "nixpkgs_5",
        "nur": "nur"
      }
    },
    "utils": {
      "locked": {
        "lastModified": 1659877975,
        "narHash": "sha256-zllb8aq3YO3h8B/U0/J1WBgAL8EX5yWf5pMj3G0NAmc=",
        "owner": "numtide",
        "repo": "flake-utils",
        "rev": "c0e246b9b83f637f4681389ecabcb2681b4f3af0",
        "type": "github"
      },
      "original": {
        "owner": "numtide",
        "repo": "flake-utils",
        "type": "github"
      }
    },
    "utils_2": {
      "locked": {
        "lastModified": 1659877975,
        "narHash": "sha256-zllb8aq3YO3h8B/U0/J1WBgAL8EX5yWf5pMj3G0NAmc=",
        "owner": "numtide",
        "repo": "flake-utils",
        "rev": "c0e246b9b83f637f4681389ecabcb2681b4f3af0",
        "type": "github"
      },
      "original": {
        "owner": "numtide",
        "repo": "flake-utils",
        "type": "github"
      }
    }
  },
  "root": "root",
  "version": 7
}
